
Microsoft Visual Studio Solution File, Format Version 12.00
# Visual Studio Version 17
VisualStudioVersion = 17.3.32929.385
MinimumVisualStudioVersion = 10.0.40219.1
Project("{FAE04EC0-301F-11D3-BF4B-00C04F79EFBC}") = "Test - Gustav", "Test - Gustav\Test - Gustav.csproj", "{24F272E8-6DE6-40A4-9B07-9320345F057F}"
EndProject
Global
	GlobalSection(SolutionConfigurationPlatforms) = preSolution
		Debug|Any CPU = Debug|Any CPU
		Release|Any CPU = Release|Any CPU
	EndGlobalSection
	GlobalSection(ProjectConfigurationPlatforms) = postSolution
		{24F272E8-6DE6-40A4-9B07-9320345F057F}.Debug|Any CPU.ActiveCfg = Debug|Any CPU
		{24F272E8-6DE6-40A4-9B07-9320345F057F}.Debug|Any CPU.Build.0 = Debug|Any CPU
		{24F272E8-6DE6-40A4-9B07-9320345F057F}.Release|Any CPU.ActiveCfg = Release|Any CPU
		{24F272E8-6DE6-40A4-9B07-9320345F057F}.Release|Any CPU.Build.0 = Release|Any CPU
	EndGlobalSection
	GlobalSection(SolutionProperties) = preSolution
		HideSolutionNode = FALSE
	EndGlobalSection
	GlobalSection(ExtensibilityGlobals) = postSolution
		SolutionGuid = {F4A4471B-2E73-4CCB-85D1-08781A6EE09F}
	EndGlobalSection
EndGlobal
